// !$*UTF8*$!
{
	archiveVersion = 1;
	classes = {
	};
	objectVersion = 56;
	objects = {

/* Begin PBXBuildFile section */
		94FC05862B0F7534003EEB74 /* wordle_cloneApp.swift in Sources */ = {isa = PBXBuildFile; fileRef = 94FC05852B0F7534003EEB74 /* wordle_cloneApp.swift */; };
		94FC05882B0F7534003EEB74 /* GameView.swift in Sources */ = {isa = PBXBuildFile; fileRef = 94FC05872B0F7534003EEB74 /* GameView.swift */; };
		94FC058D2B0F7535003EEB74 /* Preview Assets.xcassets in Resources */ = {isa = PBXBuildFile; fileRef = 94FC058C2B0F7535003EEB74 /* Preview Assets.xcassets */; };
		94FC05962B0F756B003EEB74 /* Launch Screen.storyboard in Resources */ = {isa = PBXBuildFile; fileRef = 94FC05952B0F756B003EEB74 /* Launch Screen.storyboard */; };
		94FC05992B0F7948003EEB74 /* Color+Extension.swift in Sources */ = {isa = PBXBuildFile; fileRef = 94FC05982B0F7948003EEB74 /* Color+Extension.swift */; };
		94FC059C2B0F7AE8003EEB74 /* Guess.swift in Sources */ = {isa = PBXBuildFile; fileRef = 94FC059B2B0F7AE8003EEB74 /* Guess.swift */; };
		94FC05A02B0F7CAB003EEB74 /* GuessView.swift in Sources */ = {isa = PBXBuildFile; fileRef = 94FC059F2B0F7CAB003EEB74 /* GuessView.swift */; };
		94FC05A32B0F7E59003EEB74 /* WordleDataModel.swift in Sources */ = {isa = PBXBuildFile; fileRef = 94FC05A22B0F7E59003EEB74 /* WordleDataModel.swift */; };
		94FC05A52B0F7F5C003EEB74 /* Global.swift in Sources */ = {isa = PBXBuildFile; fileRef = 94FC05A42B0F7F5C003EEB74 /* Global.swift */; };
		94FC05A72B0F8869003EEB74 /* LetterButtonView.swift in Sources */ = {isa = PBXBuildFile; fileRef = 94FC05A62B0F8869003EEB74 /* LetterButtonView.swift */; };
		94FC05A92B0F89B7003EEB74 /* Keyboard.swift in Sources */ = {isa = PBXBuildFile; fileRef = 94FC05A82B0F89B7003EEB74 /* Keyboard.swift */; };
		94FC05AC2B0FEA43003EEB74 /* Shake.swift in Sources */ = {isa = PBXBuildFile; fileRef = 94FC05AB2B0FEA43003EEB74 /* Shake.swift */; };
		94FC05AE2B0FFD36003EEB74 /* FlipView.swift in Sources */ = {isa = PBXBuildFile; fileRef = 94FC05AD2B0FFD36003EEB74 /* FlipView.swift */; };
		94FC05B02B10154E003EEB74 /* ToastView.swift in Sources */ = {isa = PBXBuildFile; fileRef = 94FC05AF2B10154E003EEB74 /* ToastView.swift */; };
		94FC05B22B10257B003EEB74 /* Statistic.swift in Sources */ = {isa = PBXBuildFile; fileRef = 94FC05B12B10257B003EEB74 /* Statistic.swift */; };
		94FC05B42B10292E003EEB74 /* StatsView.swift in Sources */ = {isa = PBXBuildFile; fileRef = 94FC05B32B10292E003EEB74 /* StatsView.swift */; };
/* End PBXBuildFile section */

/* Begin PBXFileReference section */
		94FC05822B0F7534003EEB74 /* wordle-clone.app */ = {isa = PBXFileReference; explicitFileType = wrapper.application; includeInIndex = 0; path = "wordle-clone.app"; sourceTree = BUILT_PRODUCTS_DIR; };
		94FC05852B0F7534003EEB74 /* wordle_cloneApp.swift */ = {isa = PBXFileReference; lastKnownFileType = sourcecode.swift; path = wordle_cloneApp.swift; sourceTree = "<group>"; };
		94FC05872B0F7534003EEB74 /* GameView.swift */ = {isa = PBXFileReference; lastKnownFileType = sourcecode.swift; path = GameView.swift; sourceTree = "<group>"; };
		94FC058C2B0F7535003EEB74 /* Preview Assets.xcassets */ = {isa = PBXFileReference; lastKnownFileType = folder.assetcatalog; path = "Preview Assets.xcassets"; sourceTree = "<group>"; };
		94FC05952B0F756B003EEB74 /* Launch Screen.storyboard */ = {isa = PBXFileReference; lastKnownFileType = file.storyboard; path = "Launch Screen.storyboard"; sourceTree = "<group>"; };
		94FC05982B0F7948003EEB74 /* Color+Extension.swift */ = {isa = PBXFileReference; lastKnownFileType = sourcecode.swift; path = "Color+Extension.swift"; sourceTree = "<group>"; };
		94FC059B2B0F7AE8003EEB74 /* Guess.swift */ = {isa = PBXFileReference; lastKnownFileType = sourcecode.swift; path = Guess.swift; sourceTree = "<group>"; };
		94FC059E2B0F7C50003EEB74 /* Assets.xcassets */ = {isa = PBXFileReference; lastKnownFileType = folder.assetcatalog; path = Assets.xcassets; sourceTree = "<group>"; };
		94FC059F2B0F7CAB003EEB74 /* GuessView.swift */ = {isa = PBXFileReference; lastKnownFileType = sourcecode.swift; path = GuessView.swift; sourceTree = "<group>"; };
		94FC05A22B0F7E59003EEB74 /* WordleDataModel.swift */ = {isa = PBXFileReference; lastKnownFileType = sourcecode.swift; path = WordleDataModel.swift; sourceTree = "<group>"; };
		94FC05A42B0F7F5C003EEB74 /* Global.swift */ = {isa = PBXFileReference; lastKnownFileType = sourcecode.swift; path = Global.swift; sourceTree = "<group>"; };
		94FC05A62B0F8869003EEB74 /* LetterButtonView.swift */ = {isa = PBXFileReference; lastKnownFileType = sourcecode.swift; path = LetterButtonView.swift; sourceTree = "<group>"; };
		94FC05A82B0F89B7003EEB74 /* Keyboard.swift */ = {isa = PBXFileReference; lastKnownFileType = sourcecode.swift; path = Keyboard.swift; sourceTree = "<group>"; };
		94FC05AB2B0FEA43003EEB74 /* Shake.swift */ = {isa = PBXFileReference; lastKnownFileType = sourcecode.swift; path = Shake.swift; sourceTree = "<group>"; };
		94FC05AD2B0FFD36003EEB74 /* FlipView.swift */ = {isa = PBXFileReference; lastKnownFileType = sourcecode.swift; path = FlipView.swift; sourceTree = "<group>"; };
		94FC05AF2B10154E003EEB74 /* ToastView.swift */ = {isa = PBXFileReference; lastKnownFileType = sourcecode.swift; path = ToastView.swift; sourceTree = "<group>"; };
		94FC05B12B10257B003EEB74 /* Statistic.swift */ = {isa = PBXFileReference; lastKnownFileType = sourcecode.swift; path = Statistic.swift; sourceTree = "<group>"; };
		94FC05B32B10292E003EEB74 /* StatsView.swift */ = {isa = PBXFileReference; lastKnownFileType = sourcecode.swift; path = StatsView.swift; sourceTree = "<group>"; };
/* End PBXFileReference section */

/* Begin PBXFrameworksBuildPhase section */
		94FC057F2B0F7534003EEB74 /* Frameworks */ = {
			isa = PBXFrameworksBuildPhase;
			buildActionMask = 2147483647;
			files = (
			);
			runOnlyForDeploymentPostprocessing = 0;
		};
/* End PBXFrameworksBuildPhase section */

/* Begin PBXGroup section */
		94FC05792B0F7534003EEB74 = {
			isa = PBXGroup;
			children = (
				94FC05842B0F7534003EEB74 /* wordle-clone */,
				94FC05832B0F7534003EEB74 /* Products */,
			);
			sourceTree = "<group>";
		};
		94FC05832B0F7534003EEB74 /* Products */ = {
			isa = PBXGroup;
			children = (
				94FC05822B0F7534003EEB74 /* wordle-clone.app */,
			);
			name = Products;
			sourceTree = "<group>";
		};
		94FC05842B0F7534003EEB74 /* wordle-clone */ = {
			isa = PBXGroup;
			children = (
				94FC05AA2B0FEA29003EEB74 /* Animations */,
				94FC05852B0F7534003EEB74 /* wordle_cloneApp.swift */,
				94FC05A12B0F7E34003EEB74 /* ViewModels */,
				94FC059A2B0F7AA7003EEB74 /* Models */,
				94FC059D2B0F7C30003EEB74 /* Views */,
				94FC05972B0F7932003EEB74 /* Extensions */,
				94FC059E2B0F7C50003EEB74 /* Assets.xcassets */,
				94FC05952B0F756B003EEB74 /* Launch Screen.storyboard */,
				94FC058B2B0F7535003EEB74 /* Preview Content */,
			);
			path = "wordle-clone";
			sourceTree = "<group>";
		};
		94FC058B2B0F7535003EEB74 /* Preview Content */ = {
			isa = PBXGroup;
			children = (
				94FC058C2B0F7535003EEB74 /* Preview Assets.xcassets */,
			);
			path = "Preview Content";
			sourceTree = "<group>";
		};
		94FC05972B0F7932003EEB74 /* Extensions */ = {
			isa = PBXGroup;
			children = (
				94FC05982B0F7948003EEB74 /* Color+Extension.swift */,
			);
			path = Extensions;
			sourceTree = "<group>";
		};
		94FC059A2B0F7AA7003EEB74 /* Models */ = {
			isa = PBXGroup;
			children = (
				94FC059B2B0F7AE8003EEB74 /* Guess.swift */,
				94FC05A42B0F7F5C003EEB74 /* Global.swift */,
				94FC05B12B10257B003EEB74 /* Statistic.swift */,
			);
			path = Models;
			sourceTree = "<group>";
		};
		94FC059D2B0F7C30003EEB74 /* Views */ = {
			isa = PBXGroup;
			children = (
				94FC05872B0F7534003EEB74 /* GameView.swift */,
				94FC059F2B0F7CAB003EEB74 /* GuessView.swift */,
				94FC05A62B0F8869003EEB74 /* LetterButtonView.swift */,
				94FC05A82B0F89B7003EEB74 /* Keyboard.swift */,
				94FC05AF2B10154E003EEB74 /* ToastView.swift */,
				94FC05B32B10292E003EEB74 /* StatsView.swift */,
			);
			path = Views;
			sourceTree = "<group>";
		};
		94FC05A12B0F7E34003EEB74 /* ViewModels */ = {
			isa = PBXGroup;
			children = (
				94FC05A22B0F7E59003EEB74 /* WordleDataModel.swift */,
			);
			path = ViewModels;
			sourceTree = "<group>";
		};
		94FC05AA2B0FEA29003EEB74 /* Animations */ = {
			isa = PBXGroup;
			children = (
				94FC05AB2B0FEA43003EEB74 /* Shake.swift */,
				94FC05AD2B0FFD36003EEB74 /* FlipView.swift */,
			);
			path = Animations;
			sourceTree = "<group>";
		};
/* End PBXGroup section */

/* Begin PBXNativeTarget section */
		94FC05812B0F7534003EEB74 /* wordle-clone */ = {
			isa = PBXNativeTarget;
			buildConfigurationList = 94FC05902B0F7535003EEB74 /* Build configuration list for PBXNativeTarget "wordle-clone" */;
			buildPhases = (
				94FC057E2B0F7534003EEB74 /* Sources */,
				94FC057F2B0F7534003EEB74 /* Frameworks */,
				94FC05802B0F7534003EEB74 /* Resources */,
			);
			buildRules = (
			);
			dependencies = (
			);
			name = "wordle-clone";
			productName = "wordle-clone";
			productReference = 94FC05822B0F7534003EEB74 /* wordle-clone.app */;
			productType = "com.apple.product-type.application";
		};
/* End PBXNativeTarget section */

/* Begin PBXProject section */
		94FC057A2B0F7534003EEB74 /* Project object */ = {
			isa = PBXProject;
			attributes = {
				BuildIndependentTargetsInParallel = 1;
				LastSwiftUpdateCheck = 1500;
				LastUpgradeCheck = 1500;
				TargetAttributes = {
					94FC05812B0F7534003EEB74 = {
						CreatedOnToolsVersion = 15.0.1;
					};
				};
			};
			buildConfigurationList = 94FC057D2B0F7534003EEB74 /* Build configuration list for PBXProject "wordle-clone" */;
			compatibilityVersion = "Xcode 14.0";
			developmentRegion = en;
			hasScannedForEncodings = 0;
			knownRegions = (
				en,
				Base,
			);
			mainGroup = 94FC05792B0F7534003EEB74;
			productRefGroup = 94FC05832B0F7534003EEB74 /* Products */;
			projectDirPath = "";
			projectRoot = "";
			targets = (
				94FC05812B0F7534003EEB74 /* wordle-clone */,
			);
		};
/* End PBXProject section */

/* Begin PBXResourcesBuildPhase section */
		94FC05802B0F7534003EEB74 /* Resources */ = {
			isa = PBXResourcesBuildPhase;
			buildActionMask = 2147483647;
			files = (
				94FC05962B0F756B003EEB74 /* Launch Screen.storyboard in Resources */,
				94FC058D2B0F7535003EEB74 /* Preview Assets.xcassets in Resources */,
			);
			runOnlyForDeploymentPostprocessing = 0;
		};
/* End PBXResourcesBuildPhase section */

/* Begin PBXSourcesBuildPhase section */
		94FC057E2B0F7534003EEB74 /* Sources */ = {
			isa = PBXSourcesBuildPhase;
			buildActionMask = 2147483647;
			files = (
				94FC05A72B0F8869003EEB74 /* LetterButtonView.swift in Sources */,
				94FC05AE2B0FFD36003EEB74 /* FlipView.swift in Sources */,
				94FC05882B0F7534003EEB74 /* GameView.swift in Sources */,
				94FC05A02B0F7CAB003EEB74 /* GuessView.swift in Sources */,
				94FC05B02B10154E003EEB74 /* ToastView.swift in Sources */,
				94FC059C2B0F7AE8003EEB74 /* Guess.swift in Sources */,
				94FC05A92B0F89B7003EEB74 /* Keyboard.swift in Sources */,
				94FC05992B0F7948003EEB74 /* Color+Extension.swift in Sources */,
				94FC05AC2B0FEA43003EEB74 /* Shake.swift in Sources */,
				94FC05A32B0F7E59003EEB74 /* WordleDataModel.swift in Sources */,
				94FC05862B0F7534003EEB74 /* wordle_cloneApp.swift in Sources */,
				94FC05A52B0F7F5C003EEB74 /* Global.swift in Sources */,
				94FC05B42B10292E003EEB74 /* StatsView.swift in Sources */,
				94FC05B22B10257B003EEB74 /* Statistic.swift in Sources */,
			);
			runOnlyForDeploymentPostprocessing = 0;
		};
/* End PBXSourcesBuildPhase section */

/* Begin XCBuildConfiguration section */
		94FC058E2B0F7535003EEB74 /* Debug */ = {
			isa = XCBuildConfiguration;
			buildSettings = {
				ALWAYS_SEARCH_USER_PATHS = NO;
				ASSETCATALOG_COMPILER_GENERATE_SWIFT_ASSET_SYMBOL_EXTENSIONS = YES;
				CLANG_ANALYZER_NONNULL = YES;
				CLANG_ANALYZER_NUMBER_OBJECT_CONVERSION = YES_AGGRESSIVE;
				CLANG_CXX_LANGUAGE_STANDARD = "gnu++20";
				CLANG_ENABLE_MODULES = YES;
				CLANG_ENABLE_OBJC_ARC = YES;
				CLANG_ENABLE_OBJC_WEAK = YES;
				CLANG_WARN_BLOCK_CAPTURE_AUTORELEASING = YES;
				CLANG_WARN_BOOL_CONVERSION = YES;
				CLANG_WARN_COMMA = YES;
				CLANG_WARN_CONSTANT_CONVERSION = YES;
				CLANG_WARN_DEPRECATED_OBJC_IMPLEMENTATIONS = YES;
				CLANG_WARN_DIRECT_OBJC_ISA_USAGE = YES_ERROR;
				CLANG_WARN_DOCUMENTATION_COMMENTS = YES;
				CLANG_WARN_EMPTY_BODY = YES;
				CLANG_WARN_ENUM_CONVERSION = YES;
				CLANG_WARN_INFINITE_RECURSION = YES;
				CLANG_WARN_INT_CONVERSION = YES;
				CLANG_WARN_NON_LITERAL_NULL_CONVERSION = YES;
				CLANG_WARN_OBJC_IMPLICIT_RETAIN_SELF = YES;
				CLANG_WARN_OBJC_LITERAL_CONVERSION = YES;
				CLANG_WARN_OBJC_ROOT_CLASS = YES_ERROR;
				CLANG_WARN_QUOTED_INCLUDE_IN_FRAMEWORK_HEADER = YES;
				CLANG_WARN_RANGE_LOOP_ANALYSIS = YES;
				CLANG_WARN_STRICT_PROTOTYPES = YES;
				CLANG_WARN_SUSPICIOUS_MOVE = YES;
				CLANG_WARN_UNGUARDED_AVAILABILITY = YES_AGGRESSIVE;
				CLANG_WARN_UNREACHABLE_CODE = YES;
				CLANG_WARN__DUPLICATE_METHOD_MATCH = YES;
				COPY_PHASE_STRIP = NO;
				DEBUG_INFORMATION_FORMAT = dwarf;
				ENABLE_STRICT_OBJC_MSGSEND = YES;
				ENABLE_TESTABILITY = YES;
				ENABLE_USER_SCRIPT_SANDBOXING = YES;
				GCC_C_LANGUAGE_STANDARD = gnu17;
				GCC_DYNAMIC_NO_PIC = NO;
				GCC_NO_COMMON_BLOCKS = YES;
				GCC_OPTIMIZATION_LEVEL = 0;
				GCC_PREPROCESSOR_DEFINITIONS = (
					"DEBUG=1",
					"$(inherited)",
				);
				GCC_WARN_64_TO_32_BIT_CONVERSION = YES;
				GCC_WARN_ABOUT_RETURN_TYPE = YES_ERROR;
				GCC_WARN_UNDECLARED_SELECTOR = YES;
				GCC_WARN_UNINITIALIZED_AUTOS = YES_AGGRESSIVE;
				GCC_WARN_UNUSED_FUNCTION = YES;
				GCC_WARN_UNUSED_VARIABLE = YES;
				IPHONEOS_DEPLOYMENT_TARGET = 17.0;
				LOCALIZATION_PREFERS_STRING_CATALOGS = YES;
				MTL_ENABLE_DEBUG_INFO = INCLUDE_SOURCE;
				MTL_FAST_MATH = YES;
				ONLY_ACTIVE_ARCH = YES;
				SDKROOT = iphoneos;
				SWIFT_ACTIVE_COMPILATION_CONDITIONS = "DEBUG $(inherited)";
				SWIFT_OPTIMIZATION_LEVEL = "-Onone";
			};
			name = Debug;
		};
		94FC058F2B0F7535003EEB74 /* Release */ = {
			isa = XCBuildConfiguration;
			buildSettings = {
				ALWAYS_SEARCH_USER_PATHS = NO;
				ASSETCATALOG_COMPILER_GENERATE_SWIFT_ASSET_SYMBOL_EXTENSIONS = YES;
				CLANG_ANALYZER_NONNULL = YES;
				CLANG_ANALYZER_NUMBER_OBJECT_CONVERSION = YES_AGGRESSIVE;
				CLANG_CXX_LANGUAGE_STANDARD = "gnu++20";
				CLANG_ENABLE_MODULES = YES;
				CLANG_ENABLE_OBJC_ARC = YES;
				CLANG_ENABLE_OBJC_WEAK = YES;
				CLANG_WARN_BLOCK_CAPTURE_AUTORELEASING = YES;
				CLANG_WARN_BOOL_CONVERSION = YES;
				CLANG_WARN_COMMA = YES;
				CLANG_WARN_CONSTANT_CONVERSION = YES;
				CLANG_WARN_DEPRECATED_OBJC_IMPLEMENTATIONS = YES;
				CLANG_WARN_DIRECT_OBJC_ISA_USAGE = YES_ERROR;
				CLANG_WARN_DOCUMENTATION_COMMENTS = YES;
				CLANG_WARN_EMPTY_BODY = YES;
				CLANG_WARN_ENUM_CONVERSION = YES;
				CLANG_WARN_INFINITE_RECURSION = YES;
				CLANG_WARN_INT_CONVERSION = YES;
				CLANG_WARN_NON_LITERAL_NULL_CONVERSION = YES;
				CLANG_WARN_OBJC_IMPLICIT_RETAIN_SELF = YES;
				CLANG_WARN_OBJC_LITERAL_CONVERSION = YES;
				CLANG_WARN_OBJC_ROOT_CLASS = YES_ERROR;
				CLANG_WARN_QUOTED_INCLUDE_IN_FRAMEWORK_HEADER = YES;
				CLANG_WARN_RANGE_LOOP_ANALYSIS = YES;
				CLANG_WARN_STRICT_PROTOTYPES = YES;
				CLANG_WARN_SUSPICIOUS_MOVE = YES;
				CLANG_WARN_UNGUARDED_AVAILABILITY = YES_AGGRESSIVE;
				CLANG_WARN_UNREACHABLE_CODE = YES;
				CLANG_WARN__DUPLICATE_METHOD_MATCH = YES;
				COPY_PHASE_STRIP = NO;
				DEBUG_INFORMATION_FORMAT = "dwarf-with-dsym";
				ENABLE_NS_ASSERTIONS = NO;
				ENABLE_STRICT_OBJC_MSGSEND = YES;
				ENABLE_USER_SCRIPT_SANDBOXING = YES;
				GCC_C_LANGUAGE_STANDARD = gnu17;
				GCC_NO_COMMON_BLOCKS = YES;
				GCC_WARN_64_TO_32_BIT_CONVERSION = YES;
				GCC_WARN_ABOUT_RETURN_TYPE = YES_ERROR;
				GCC_WARN_UNDECLARED_SELECTOR = YES;
				GCC_WARN_UNINITIALIZED_AUTOS = YES_AGGRESSIVE;
				GCC_WARN_UNUSED_FUNCTION = YES;
				GCC_WARN_UNUSED_VARIABLE = YES;
				IPHONEOS_DEPLOYMENT_TARGET = 17.0;
				LOCALIZATION_PREFERS_STRING_CATALOGS = YES;
				MTL_ENABLE_DEBUG_INFO = NO;
				MTL_FAST_MATH = YES;
				SDKROOT = iphoneos;
				SWIFT_COMPILATION_MODE = wholemodule;
				VALIDATE_PRODUCT = YES;
			};
			name = Release;
		};
		94FC05912B0F7535003EEB74 /* Debug */ = {
			isa = XCBuildConfiguration;
			buildSettings = {
				ASSETCATALOG_COMPILER_APPICON_NAME = AppIcon;
				ASSETCATALOG_COMPILER_GLOBAL_ACCENT_COLOR_NAME = AccentColor;
				CODE_SIGN_STYLE = Automatic;
				CURRENT_PROJECT_VERSION = 1;
				DEVELOPMENT_ASSET_PATHS = "\"wordle-clone/Preview Content\"";
				DEVELOPMENT_TEAM = 389C3DBU7S;
				ENABLE_PREVIEWS = YES;
				GENERATE_INFOPLIST_FILE = YES;
				INFOPLIST_KEY_UIApplicationSceneManifest_Generation = YES;
				INFOPLIST_KEY_UIApplicationSupportsIndirectInputEvents = YES;
				INFOPLIST_KEY_UILaunchScreen_Generation = YES;
				INFOPLIST_KEY_UILaunchStoryboardName = "Launch Screen.storyboard";
				INFOPLIST_KEY_UIRequiresFullScreen = NO;
				INFOPLIST_KEY_UISupportedInterfaceOrientations_iPad = "UIInterfaceOrientationPortrait UIInterfaceOrientationPortraitUpsideDown UIInterfaceOrientationLandscapeLeft UIInterfaceOrientationLandscapeRight";
				INFOPLIST_KEY_UISupportedInterfaceOrientations_iPhone = UIInterfaceOrientationPortrait;
				LD_RUNPATH_SEARCH_PATHS = (
					"$(inherited)",
					"@executable_path/Frameworks",
				);
				MARKETING_VERSION = 1.0;
				PRODUCT_BUNDLE_IDENTIFIER = "benkaheel.wordle-clone";
				PRODUCT_NAME = "$(TARGET_NAME)";
				SWIFT_EMIT_LOC_STRINGS = YES;
				SWIFT_VERSION = 5.0;
				TARGETED_DEVICE_FAMILY = "1,2";
			};
			name = Debug;
		};
		94FC05922B0F7535003EEB74 /* Release */ = {
			isa = XCBuildConfiguration;
			buildSettings = {
				ASSETCATALOG_COMPILER_APPICON_NAME = AppIcon;
				ASSETCATALOG_COMPILER_GLOBAL_ACCENT_COLOR_NAME = AccentColor;
				CODE_SIGN_STYLE = Automatic;
				CURRENT_PROJECT_VERSION = 1;
				DEVELOPMENT_ASSET_PATHS = "\"wordle-clone/Preview Content\"";
				DEVELOPMENT_TEAM = 389C3DBU7S;
				ENABLE_PREVIEWS = YES;
				GENERATE_INFOPLIST_FILE = YES;
				INFOPLIST_KEY_UIApplicationSceneManifest_Generation = YES;
				INFOPLIST_KEY_UIApplicationSupportsIndirectInputEvents = YES;
				INFOPLIST_KEY_UILaunchScreen_Generation = YES;
				INFOPLIST_KEY_UILaunchStoryboardName = "Launch Screen.storyboard";
				INFOPLIST_KEY_UIRequiresFullScreen = NO;
				INFOPLIST_KEY_UISupportedInterfaceOrientations_iPad = "UIInterfaceOrientationPortrait UIInterfaceOrientationPortraitUpsideDown UIInterfaceOrientationLandscapeLeft UIInterfaceOrientationLandscapeRight";
				INFOPLIST_KEY_UISupportedInterfaceOrientations_iPhone = UIInterfaceOrientationPortrait;
				LD_RUNPATH_SEARCH_PATHS = (
					"$(inherited)",
					"@executable_path/Frameworks",
				);
				MARKETING_VERSION = 1.0;
				PRODUCT_BUNDLE_IDENTIFIER = "benkaheel.wordle-clone";
				PRODUCT_NAME = "$(TARGET_NAME)";
				SWIFT_EMIT_LOC_STRINGS = YES;
				SWIFT_VERSION = 5.0;
				TARGETED_DEVICE_FAMILY = "1,2";
			};
			name = Release;
		};
/* End XCBuildConfiguration section */

/* Begin XCConfigurationList section */
		94FC057D2B0F7534003EEB74 /* Build configuration list for PBXProject "wordle-clone" */ = {
			isa = XCConfigurationList;
			buildConfigurations = (
				94FC058E2B0F7535003EEB74 /* Debug */,
				94FC058F2B0F7535003EEB74 /* Release */,
			);
			defaultConfigurationIsVisible = 0;
			defaultConfigurationName = Release;
		};
		94FC05902B0F7535003EEB74 /* Build configuration list for PBXNativeTarget "wordle-clone" */ = {
			isa = XCConfigurationList;
			buildConfigurations = (
				94FC05912B0F7535003EEB74 /* Debug */,
				94FC05922B0F7535003EEB74 /* Release */,
			);
			defaultConfigurationIsVisible = 0;
			defaultConfigurationName = Release;
		};
/* End XCConfigurationList section */
	};
	rootObject = 94FC057A2B0F7534003EEB74 /* Project object */;
}
